
Microsoft Visual Studio Solution File, Format Version 12.00
# Visual Studio Version 17
VisualStudioVersion = 17.1.32210.238
MinimumVisualStudioVersion = 10.0.40219.1
Project("{2150E333-8FDC-42A3-9474-1A3956D46DE8}") = "Core", "Core", "{54D5DCC8-8680-444D-8143-B11FAF8A3737}"
EndProject
Project("{2150E333-8FDC-42A3-9474-1A3956D46DE8}") = "Infrastructure", "Infrastructure", "{04B53CF1-D27E-4F09-8F74-348023705A10}"
EndProject
Project("{2150E333-8FDC-42A3-9474-1A3956D46DE8}") = "Presentation", "Presentation", "{25DD83E8-46DE-4D38-9F92-E28A3CA15E9D}"
EndProject
Project("{9A19103F-16F7-4668-BE54-9A1E7A4F7556}") = "OgretmenAtama.Application", "Core\OgretmenAtama.Application\OgretmenAtama.Application.csproj", "{FC9B57B8-F784-4C89-A8F9-E1FF776B049D}"
EndProject
Project("{9A19103F-16F7-4668-BE54-9A1E7A4F7556}") = "OgretmenAtama.Domain", "Core\OgretmenAtama.Domain\OgretmenAtama.Domain.csproj", "{7BDF75A0-16F7-4337-BD60-35D032904C89}"
EndProject
Project("{9A19103F-16F7-4668-BE54-9A1E7A4F7556}") = "OgretmenAtama.Infrastructure", "Infrastructure\OgretmenAtama.Infrastructure\OgretmenAtama.Infrastructure.csproj", "{77D5AAD8-525B-4293-AE63-C11A449488C7}"
EndProject
Project("{9A19103F-16F7-4668-BE54-9A1E7A4F7556}") = "OgretmenAtama.Persistance", "Infrastructure\OgretmenAtama.Persistance\OgretmenAtama.Persistance.csproj", "{91449F83-4CA9-4BE7-9097-C8D0714C9CF7}"
EndProject
Project("{9A19103F-16F7-4668-BE54-9A1E7A4F7556}") = "OgretmenAtama.API", "Presentation\OgretmenAtama.API\OgretmenAtama.API.csproj", "{EF28D066-BCE1-42B7-B189-A5AF51AD1C42}"
EndProject
Project("{FAE04EC0-301F-11D3-BF4B-00C04F79EFBC}") = "OgretmenAtama.Client", "Presentation\OgretmenAtama.Client\OgretmenAtama.Client.csproj", "{74F570B3-B2B2-46CD-AE22-1F0F4B6D1D1D}"
EndProject
Global
	GlobalSection(SolutionConfigurationPlatforms) = preSolution
		Debug|Any CPU = Debug|Any CPU
		Release|Any CPU = Release|Any CPU
	EndGlobalSection
	GlobalSection(ProjectConfigurationPlatforms) = postSolution
		{FC9B57B8-F784-4C89-A8F9-E1FF776B049D}.Debug|Any CPU.ActiveCfg = Debug|Any CPU
		{FC9B57B8-F784-4C89-A8F9-E1FF776B049D}.Debug|Any CPU.Build.0 = Debug|Any CPU
		{FC9B57B8-F784-4C89-A8F9-E1FF776B049D}.Release|Any CPU.ActiveCfg = Release|Any CPU
		{FC9B57B8-F784-4C89-A8F9-E1FF776B049D}.Release|Any CPU.Build.0 = Release|Any CPU
		{7BDF75A0-16F7-4337-BD60-35D032904C89}.Debug|Any CPU.ActiveCfg = Debug|Any CPU
		{7BDF75A0-16F7-4337-BD60-35D032904C89}.Debug|Any CPU.Build.0 = Debug|Any CPU
		{7BDF75A0-16F7-4337-BD60-35D032904C89}.Release|Any CPU.ActiveCfg = Release|Any CPU
		{7BDF75A0-16F7-4337-BD60-35D032904C89}.Release|Any CPU.Build.0 = Release|Any CPU
		{77D5AAD8-525B-4293-AE63-C11A449488C7}.Debug|Any CPU.ActiveCfg = Debug|Any CPU
		{77D5AAD8-525B-4293-AE63-C11A449488C7}.Debug|Any CPU.Build.0 = Debug|Any CPU
		{77D5AAD8-525B-4293-AE63-C11A449488C7}.Release|Any CPU.ActiveCfg = Release|Any CPU
		{77D5AAD8-525B-4293-AE63-C11A449488C7}.Release|Any CPU.Build.0 = Release|Any CPU
		{91449F83-4CA9-4BE7-9097-C8D0714C9CF7}.Debug|Any CPU.ActiveCfg = Debug|Any CPU
		{91449F83-4CA9-4BE7-9097-C8D0714C9CF7}.Debug|Any CPU.Build.0 = Debug|Any CPU
		{91449F83-4CA9-4BE7-9097-C8D0714C9CF7}.Release|Any CPU.ActiveCfg = Release|Any CPU
		{91449F83-4CA9-4BE7-9097-C8D0714C9CF7}.Release|Any CPU.Build.0 = Release|Any CPU
		{EF28D066-BCE1-42B7-B189-A5AF51AD1C42}.Debug|Any CPU.ActiveCfg = Debug|Any CPU
		{EF28D066-BCE1-42B7-B189-A5AF51AD1C42}.Debug|Any CPU.Build.0 = Debug|Any CPU
		{EF28D066-BCE1-42B7-B189-A5AF51AD1C42}.Release|Any CPU.ActiveCfg = Release|Any CPU
		{EF28D066-BCE1-42B7-B189-A5AF51AD1C42}.Release|Any CPU.Build.0 = Release|Any CPU
		{74F570B3-B2B2-46CD-AE22-1F0F4B6D1D1D}.Debug|Any CPU.ActiveCfg = Debug|Any CPU
		{74F570B3-B2B2-46CD-AE22-1F0F4B6D1D1D}.Debug|Any CPU.Build.0 = Debug|Any CPU
		{74F570B3-B2B2-46CD-AE22-1F0F4B6D1D1D}.Release|Any CPU.ActiveCfg = Release|Any CPU
		{74F570B3-B2B2-46CD-AE22-1F0F4B6D1D1D}.Release|Any CPU.Build.0 = Release|Any CPU
	EndGlobalSection
	GlobalSection(SolutionProperties) = preSolution
		HideSolutionNode = FALSE
	EndGlobalSection
	GlobalSection(NestedProjects) = preSolution
		{FC9B57B8-F784-4C89-A8F9-E1FF776B049D} = {54D5DCC8-8680-444D-8143-B11FAF8A3737}
		{7BDF75A0-16F7-4337-BD60-35D032904C89} = {54D5DCC8-8680-444D-8143-B11FAF8A3737}
		{77D5AAD8-525B-4293-AE63-C11A449488C7} = {04B53CF1-D27E-4F09-8F74-348023705A10}
		{91449F83-4CA9-4BE7-9097-C8D0714C9CF7} = {04B53CF1-D27E-4F09-8F74-348023705A10}
		{EF28D066-BCE1-42B7-B189-A5AF51AD1C42} = {25DD83E8-46DE-4D38-9F92-E28A3CA15E9D}
		{74F570B3-B2B2-46CD-AE22-1F0F4B6D1D1D} = {25DD83E8-46DE-4D38-9F92-E28A3CA15E9D}
	EndGlobalSection
	GlobalSection(ExtensibilityGlobals) = postSolution
		SolutionGuid = {6FEB3992-86B0-4A99-BD3A-859BD3994EDB}
	EndGlobalSection
EndGlobal
